
Microsoft Visual Studio Solution File, Format Version 12.00
# Visual Studio Version 16
VisualStudioVersion = 16.0.30523.141
MinimumVisualStudioVersion = 10.0.40219.1
Project("{FAE04EC0-301F-11D3-BF4B-00C04F79EFBC}") = "Introduction", "ScottAllen\Introduction\Introduction.csproj", "{F1E828FB-11A8-4722-A084-FB056CDAAEB4}"
EndProject
Project("{FAE04EC0-301F-11D3-BF4B-00C04F79EFBC}") = "Features", "ScottAllen\Features\Features.csproj", "{084446BF-329D-41AC-833F-39573BD24D09}"
EndProject
Project("{FAE04EC0-301F-11D3-BF4B-00C04F79EFBC}") = "Queries", "ScottAllen\Queries\Queries.csproj", "{8A7D725B-A461-403D-97B3-BDA75E12AA92}"
EndProject
Project("{FAE04EC0-301F-11D3-BF4B-00C04F79EFBC}") = "Cars", "ScottAllen\Cars\Cars.csproj", "{EC56C493-003F-4ED2-BAE6-CA89DB38C0D0}"
EndProject
Global
	GlobalSection(SolutionConfigurationPlatforms) = preSolution
		Debug|Any CPU = Debug|Any CPU
		Release|Any CPU = Release|Any CPU
	EndGlobalSection
	GlobalSection(ProjectConfigurationPlatforms) = postSolution
		{F1E828FB-11A8-4722-A084-FB056CDAAEB4}.Debug|Any CPU.ActiveCfg = Debug|Any CPU
		{F1E828FB-11A8-4722-A084-FB056CDAAEB4}.Debug|Any CPU.Build.0 = Debug|Any CPU
		{F1E828FB-11A8-4722-A084-FB056CDAAEB4}.Release|Any CPU.ActiveCfg = Release|Any CPU
		{F1E828FB-11A8-4722-A084-FB056CDAAEB4}.Release|Any CPU.Build.0 = Release|Any CPU
		{084446BF-329D-41AC-833F-39573BD24D09}.Debug|Any CPU.ActiveCfg = Debug|Any CPU
		{084446BF-329D-41AC-833F-39573BD24D09}.Debug|Any CPU.Build.0 = Debug|Any CPU
		{084446BF-329D-41AC-833F-39573BD24D09}.Release|Any CPU.ActiveCfg = Release|Any CPU
		{084446BF-329D-41AC-833F-39573BD24D09}.Release|Any CPU.Build.0 = Release|Any CPU
		{8A7D725B-A461-403D-97B3-BDA75E12AA92}.Debug|Any CPU.ActiveCfg = Debug|Any CPU
		{8A7D725B-A461-403D-97B3-BDA75E12AA92}.Debug|Any CPU.Build.0 = Debug|Any CPU
		{8A7D725B-A461-403D-97B3-BDA75E12AA92}.Release|Any CPU.ActiveCfg = Release|Any CPU
		{8A7D725B-A461-403D-97B3-BDA75E12AA92}.Release|Any CPU.Build.0 = Release|Any CPU
		{EC56C493-003F-4ED2-BAE6-CA89DB38C0D0}.Debug|Any CPU.ActiveCfg = Debug|Any CPU
		{EC56C493-003F-4ED2-BAE6-CA89DB38C0D0}.Debug|Any CPU.Build.0 = Debug|Any CPU
		{EC56C493-003F-4ED2-BAE6-CA89DB38C0D0}.Release|Any CPU.ActiveCfg = Release|Any CPU
		{EC56C493-003F-4ED2-BAE6-CA89DB38C0D0}.Release|Any CPU.Build.0 = Release|Any CPU
	EndGlobalSection
	GlobalSection(SolutionProperties) = preSolution
		HideSolutionNode = FALSE
	EndGlobalSection
	GlobalSection(ExtensibilityGlobals) = postSolution
		SolutionGuid = {D6196B35-53D0-449C-A143-A0E18D551A03}
	EndGlobalSection
EndGlobal
